
Microsoft Visual Studio Solution File, Format Version 12.00
# Visual Studio Version 16
VisualStudioVersion = 16.0.31313.79
MinimumVisualStudioVersion = 10.0.40219.1
Project("{FAE04EC0-301F-11D3-BF4B-00C04F79EFBC}") = "Intelektual_Tizimlar_Amaliyot", "Intelektual_Tizimlar_Amaliyot\Intelektual_Tizimlar_Amaliyot.csproj", "{90898F59-BB90-426E-ACC5-70E8B79F33ED}"
EndProject
Global
	GlobalSection(SolutionConfigurationPlatforms) = preSolution
		Debug|Any CPU = Debug|Any CPU
		Release|Any CPU = Release|Any CPU
	EndGlobalSection
	GlobalSection(ProjectConfigurationPlatforms) = postSolution
		{90898F59-BB90-426E-ACC5-70E8B79F33ED}.Debug|Any CPU.ActiveCfg = Debug|Any CPU
		{90898F59-BB90-426E-ACC5-70E8B79F33ED}.Debug|Any CPU.Build.0 = Debug|Any CPU
		{90898F59-BB90-426E-ACC5-70E8B79F33ED}.Release|Any CPU.ActiveCfg = Release|Any CPU
		{90898F59-BB90-426E-ACC5-70E8B79F33ED}.Release|Any CPU.Build.0 = Release|Any CPU
	EndGlobalSection
	GlobalSection(SolutionProperties) = preSolution
		HideSolutionNode = FALSE
	EndGlobalSection
	GlobalSection(ExtensibilityGlobals) = postSolution
		SolutionGuid = {E7B0A49F-04CC-410D-ACFC-911D512A4CF5}
	EndGlobalSection
EndGlobal
